{
  "nodes": {
    "nixpkgs": {
      "locked": {
        "lastModified": 1678898370,
        "narHash": "sha256-xTICr1j+uat5hk9FyuPOFGxpWHdJRibwZC+ATi0RbtE=",
        "owner": "nixos",
        "repo": "nixpkgs",
        "rev": "ac718d02867a84b42522a0ece52d841188208f2c",
        "type": "github"
      },
      "original": {
        "owner": "nixos",
        "ref": "nixos-unstable",
        "repo": "nixpkgs",
        "type": "github"
      }
    },
    "packwiz": {
      "inputs": {
        "nixpkgs": [
          "nixpkgs"
        ]
      },
      "locked": {
        "lastModified": 1674240226,
        "narHash": "sha256-TyBXVASUrfOdzE+vBH8ffZVZajGWR7NX9xZ2Ne8fmOg=",
        "owner": "packwiz",
        "repo": "packwiz",
        "rev": "672d22d0dd9b762b4a1f99bbb718f0d018a9c58e",
        "type": "github"
      },
      "original": {
        "owner": "packwiz",
        "repo": "packwiz",
        "type": "github"
      }
    },
    "root": {
      "inputs": {
        "nixpkgs": "nixpkgs",
        "packwiz": "packwiz"
      }
    }
  },
  "root": "root",
  "version": 7
}
